
Microsoft Visual Studio Solution File, Format Version 12.00
# Visual Studio Version 16
VisualStudioVersion = 16.0.30621.155
MinimumVisualStudioVersion = 10.0.40219.1
Project("{FAE04EC0-301F-11D3-BF4B-00C04F79EFBC}") = "Library_View", "Library_View.csproj", "{D4A0C124-8E9F-4B27-9A16-48F6286282F7}"
EndProject
Project("{FAE04EC0-301F-11D3-BF4B-00C04F79EFBC}") = "Logic_BLL", "..\Logic_BLL\Logic_BLL.csproj", "{DA5BB68B-E12E-49D8-BB63-E92EB053339E}"
EndProject
Project("{FAE04EC0-301F-11D3-BF4B-00C04F79EFBC}") = "DataBase_DAL", "..\DataBase_DAL\DataBase_DAL.csproj", "{83077325-578E-4394-B960-147E91BA3E5D}"
EndProject
Project("{FAE04EC0-301F-11D3-BF4B-00C04F79EFBC}") = "Common", "..\Common\Common.csproj", "{9828B00D-85FF-460C-B56A-88371551B9E1}"
EndProject
Project("{2150E333-8FDC-42A3-9474-1A3956D46DE8}") = "Solution Items", "Solution Items", "{F36B4F5F-434E-41E8-8BC2-95210501473A}"
	ProjectSection(SolutionItems) = preProject
		.editorconfig = .editorconfig
	EndProjectSection
EndProject
Global
	GlobalSection(SolutionConfigurationPlatforms) = preSolution
		Debug|Any CPU = Debug|Any CPU
		Debug|ARM = Debug|ARM
		Debug|ARM64 = Debug|ARM64
		Debug|x64 = Debug|x64
		Debug|x86 = Debug|x86
		Release|Any CPU = Release|Any CPU
		Release|ARM = Release|ARM
		Release|ARM64 = Release|ARM64
		Release|x64 = Release|x64
		Release|x86 = Release|x86
	EndGlobalSection
	GlobalSection(ProjectConfigurationPlatforms) = postSolution
		{D4A0C124-8E9F-4B27-9A16-48F6286282F7}.Debug|Any CPU.ActiveCfg = Debug|x86
		{D4A0C124-8E9F-4B27-9A16-48F6286282F7}.Debug|ARM.ActiveCfg = Debug|ARM
		{D4A0C124-8E9F-4B27-9A16-48F6286282F7}.Debug|ARM.Build.0 = Debug|ARM
		{D4A0C124-8E9F-4B27-9A16-48F6286282F7}.Debug|ARM.Deploy.0 = Debug|ARM
		{D4A0C124-8E9F-4B27-9A16-48F6286282F7}.Debug|ARM64.ActiveCfg = Debug|ARM64
		{D4A0C124-8E9F-4B27-9A16-48F6286282F7}.Debug|ARM64.Build.0 = Debug|ARM64
		{D4A0C124-8E9F-4B27-9A16-48F6286282F7}.Debug|ARM64.Deploy.0 = Debug|ARM64
		{D4A0C124-8E9F-4B27-9A16-48F6286282F7}.Debug|x64.ActiveCfg = Debug|x64
		{D4A0C124-8E9F-4B27-9A16-48F6286282F7}.Debug|x64.Build.0 = Debug|x64
		{D4A0C124-8E9F-4B27-9A16-48F6286282F7}.Debug|x64.Deploy.0 = Debug|x64
		{D4A0C124-8E9F-4B27-9A16-48F6286282F7}.Debug|x86.ActiveCfg = Debug|x86
		{D4A0C124-8E9F-4B27-9A16-48F6286282F7}.Debug|x86.Build.0 = Debug|x86
		{D4A0C124-8E9F-4B27-9A16-48F6286282F7}.Debug|x86.Deploy.0 = Debug|x86
		{D4A0C124-8E9F-4B27-9A16-48F6286282F7}.Release|Any CPU.ActiveCfg = Release|x86
		{D4A0C124-8E9F-4B27-9A16-48F6286282F7}.Release|ARM.ActiveCfg = Release|ARM
		{D4A0C124-8E9F-4B27-9A16-48F6286282F7}.Release|ARM.Build.0 = Release|ARM
		{D4A0C124-8E9F-4B27-9A16-48F6286282F7}.Release|ARM.Deploy.0 = Release|ARM
		{D4A0C124-8E9F-4B27-9A16-48F6286282F7}.Release|ARM64.ActiveCfg = Release|ARM64
		{D4A0C124-8E9F-4B27-9A16-48F6286282F7}.Release|ARM64.Build.0 = Release|ARM64
		{D4A0C124-8E9F-4B27-9A16-48F6286282F7}.Release|ARM64.Deploy.0 = Release|ARM64
		{D4A0C124-8E9F-4B27-9A16-48F6286282F7}.Release|x64.ActiveCfg = Release|x64
		{D4A0C124-8E9F-4B27-9A16-48F6286282F7}.Release|x64.Build.0 = Release|x64
		{D4A0C124-8E9F-4B27-9A16-48F6286282F7}.Release|x64.Deploy.0 = Release|x64
		{D4A0C124-8E9F-4B27-9A16-48F6286282F7}.Release|x86.ActiveCfg = Release|x86
		{D4A0C124-8E9F-4B27-9A16-48F6286282F7}.Release|x86.Build.0 = Release|x86
		{D4A0C124-8E9F-4B27-9A16-48F6286282F7}.Release|x86.Deploy.0 = Release|x86
		{DA5BB68B-E12E-49D8-BB63-E92EB053339E}.Debug|Any CPU.ActiveCfg = Debug|Any CPU
		{DA5BB68B-E12E-49D8-BB63-E92EB053339E}.Debug|Any CPU.Build.0 = Debug|Any CPU
		{DA5BB68B-E12E-49D8-BB63-E92EB053339E}.Debug|ARM.ActiveCfg = Debug|ARM
		{DA5BB68B-E12E-49D8-BB63-E92EB053339E}.Debug|ARM.Build.0 = Debug|ARM
		{DA5BB68B-E12E-49D8-BB63-E92EB053339E}.Debug|ARM64.ActiveCfg = Debug|ARM64
		{DA5BB68B-E12E-49D8-BB63-E92EB053339E}.Debug|ARM64.Build.0 = Debug|ARM64
		{DA5BB68B-E12E-49D8-BB63-E92EB053339E}.Debug|x64.ActiveCfg = Debug|x64
		{DA5BB68B-E12E-49D8-BB63-E92EB053339E}.Debug|x64.Build.0 = Debug|x64
		{DA5BB68B-E12E-49D8-BB63-E92EB053339E}.Debug|x86.ActiveCfg = Debug|x86
		{DA5BB68B-E12E-49D8-BB63-E92EB053339E}.Debug|x86.Build.0 = Debug|x86
		{DA5BB68B-E12E-49D8-BB63-E92EB053339E}.Release|Any CPU.ActiveCfg = Release|Any CPU
		{DA5BB68B-E12E-49D8-BB63-E92EB053339E}.Release|Any CPU.Build.0 = Release|Any CPU
		{DA5BB68B-E12E-49D8-BB63-E92EB053339E}.Release|ARM.ActiveCfg = Release|ARM
		{DA5BB68B-E12E-49D8-BB63-E92EB053339E}.Release|ARM.Build.0 = Release|ARM
		{DA5BB68B-E12E-49D8-BB63-E92EB053339E}.Release|ARM64.ActiveCfg = Release|ARM64
		{DA5BB68B-E12E-49D8-BB63-E92EB053339E}.Release|ARM64.Build.0 = Release|ARM64
		{DA5BB68B-E12E-49D8-BB63-E92EB053339E}.Release|x64.ActiveCfg = Release|x64
		{DA5BB68B-E12E-49D8-BB63-E92EB053339E}.Release|x64.Build.0 = Release|x64
		{DA5BB68B-E12E-49D8-BB63-E92EB053339E}.Release|x86.ActiveCfg = Release|x86
		{DA5BB68B-E12E-49D8-BB63-E92EB053339E}.Release|x86.Build.0 = Release|x86
		{83077325-578E-4394-B960-147E91BA3E5D}.Debug|Any CPU.ActiveCfg = Debug|Any CPU
		{83077325-578E-4394-B960-147E91BA3E5D}.Debug|Any CPU.Build.0 = Debug|Any CPU
		{83077325-578E-4394-B960-147E91BA3E5D}.Debug|ARM.ActiveCfg = Debug|ARM
		{83077325-578E-4394-B960-147E91BA3E5D}.Debug|ARM.Build.0 = Debug|ARM
		{83077325-578E-4394-B960-147E91BA3E5D}.Debug|ARM64.ActiveCfg = Debug|ARM64
		{83077325-578E-4394-B960-147E91BA3E5D}.Debug|ARM64.Build.0 = Debug|ARM64
		{83077325-578E-4394-B960-147E91BA3E5D}.Debug|x64.ActiveCfg = Debug|x64
		{83077325-578E-4394-B960-147E91BA3E5D}.Debug|x64.Build.0 = Debug|x64
		{83077325-578E-4394-B960-147E91BA3E5D}.Debug|x86.ActiveCfg = Debug|x86
		{83077325-578E-4394-B960-147E91BA3E5D}.Debug|x86.Build.0 = Debug|x86
		{83077325-578E-4394-B960-147E91BA3E5D}.Release|Any CPU.ActiveCfg = Release|Any CPU
		{83077325-578E-4394-B960-147E91BA3E5D}.Release|Any CPU.Build.0 = Release|Any CPU
		{83077325-578E-4394-B960-147E91BA3E5D}.Release|ARM.ActiveCfg = Release|ARM
		{83077325-578E-4394-B960-147E91BA3E5D}.Release|ARM.Build.0 = Release|ARM
		{83077325-578E-4394-B960-147E91BA3E5D}.Release|ARM64.ActiveCfg = Release|ARM64
		{83077325-578E-4394-B960-147E91BA3E5D}.Release|ARM64.Build.0 = Release|ARM64
		{83077325-578E-4394-B960-147E91BA3E5D}.Release|x64.ActiveCfg = Release|x64
		{83077325-578E-4394-B960-147E91BA3E5D}.Release|x64.Build.0 = Release|x64
		{83077325-578E-4394-B960-147E91BA3E5D}.Release|x86.ActiveCfg = Release|x86
		{83077325-578E-4394-B960-147E91BA3E5D}.Release|x86.Build.0 = Release|x86
		{9828B00D-85FF-460C-B56A-88371551B9E1}.Debug|Any CPU.ActiveCfg = Debug|Any CPU
		{9828B00D-85FF-460C-B56A-88371551B9E1}.Debug|Any CPU.Build.0 = Debug|Any CPU
		{9828B00D-85FF-460C-B56A-88371551B9E1}.Debug|ARM.ActiveCfg = Debug|ARM
		{9828B00D-85FF-460C-B56A-88371551B9E1}.Debug|ARM.Build.0 = Debug|ARM
		{9828B00D-85FF-460C-B56A-88371551B9E1}.Debug|ARM64.ActiveCfg = Debug|ARM64
		{9828B00D-85FF-460C-B56A-88371551B9E1}.Debug|ARM64.Build.0 = Debug|ARM64
		{9828B00D-85FF-460C-B56A-88371551B9E1}.Debug|x64.ActiveCfg = Debug|x64
		{9828B00D-85FF-460C-B56A-88371551B9E1}.Debug|x64.Build.0 = Debug|x64
		{9828B00D-85FF-460C-B56A-88371551B9E1}.Debug|x86.ActiveCfg = Debug|x86
		{9828B00D-85FF-460C-B56A-88371551B9E1}.Debug|x86.Build.0 = Debug|x86
		{9828B00D-85FF-460C-B56A-88371551B9E1}.Release|Any CPU.ActiveCfg = Release|Any CPU
		{9828B00D-85FF-460C-B56A-88371551B9E1}.Release|Any CPU.Build.0 = Release|Any CPU
		{9828B00D-85FF-460C-B56A-88371551B9E1}.Release|ARM.ActiveCfg = Release|ARM
		{9828B00D-85FF-460C-B56A-88371551B9E1}.Release|ARM.Build.0 = Release|ARM
		{9828B00D-85FF-460C-B56A-88371551B9E1}.Release|ARM64.ActiveCfg = Release|ARM64
		{9828B00D-85FF-460C-B56A-88371551B9E1}.Release|ARM64.Build.0 = Release|ARM64
		{9828B00D-85FF-460C-B56A-88371551B9E1}.Release|x64.ActiveCfg = Release|x64
		{9828B00D-85FF-460C-B56A-88371551B9E1}.Release|x64.Build.0 = Release|x64
		{9828B00D-85FF-460C-B56A-88371551B9E1}.Release|x86.ActiveCfg = Release|x86
		{9828B00D-85FF-460C-B56A-88371551B9E1}.Release|x86.Build.0 = Release|x86
	EndGlobalSection
	GlobalSection(SolutionProperties) = preSolution
		HideSolutionNode = FALSE
	EndGlobalSection
	GlobalSection(ExtensibilityGlobals) = postSolution
		SolutionGuid = {0318BA6F-765A-4B87-AFCE-8A644E354578}
	EndGlobalSection
EndGlobal
